
Microsoft Visual Studio Solution File, Format Version 12.00
# Visual Studio Version 16
VisualStudioVersion = 16.0.29820.132
MinimumVisualStudioVersion = 10.0.40219.1
Project("{FAE04EC0-301F-11D3-BF4B-00C04F79EFBC}") = "LukeVo.Blazor.LDialog", "LukeVo.Blazor.LDialog\LukeVo.Blazor.LDialog.csproj", "{03A42159-C5BC-421B-9316-8FF66C6926D8}"
EndProject
Global
	GlobalSection(SolutionConfigurationPlatforms) = preSolution
		Debug|Any CPU = Debug|Any CPU
		Release|Any CPU = Release|Any CPU
	EndGlobalSection
	GlobalSection(ProjectConfigurationPlatforms) = postSolution
		{03A42159-C5BC-421B-9316-8FF66C6926D8}.Debug|Any CPU.ActiveCfg = Debug|Any CPU
		{03A42159-C5BC-421B-9316-8FF66C6926D8}.Debug|Any CPU.Build.0 = Debug|Any CPU
		{03A42159-C5BC-421B-9316-8FF66C6926D8}.Release|Any CPU.ActiveCfg = Release|Any CPU
		{03A42159-C5BC-421B-9316-8FF66C6926D8}.Release|Any CPU.Build.0 = Release|Any CPU
	EndGlobalSection
	GlobalSection(SolutionProperties) = preSolution
		HideSolutionNode = FALSE
	EndGlobalSection
	GlobalSection(ExtensibilityGlobals) = postSolution
		SolutionGuid = {1F7FD54F-5786-421A-9169-F6C81551ECC3}
	EndGlobalSection
EndGlobal
